
Microsoft Visual Studio Solution File, Format Version 12.00
# Visual Studio 14
VisualStudioVersion = 14.0.25420.1
MinimumVisualStudioVersion = 10.0.40219.1
Project("{FAE04EC0-301F-11D3-BF4B-00C04F79EFBC}") = "Carvana.MarketExpansion.WebApi", "Carvana.MarketExpansion.WebApi\Carvana.MarketExpansion.WebApi.csproj", "{E5A4AEA4-4F1E-45C4-81E7-045B0F38E129}"
EndProject
Project("{FAE04EC0-301F-11D3-BF4B-00C04F79EFBC}") = "Carvana.MarketExpansion.WebApi.Tests", "Carvana.MarketExpansion.WebApi.Tests\Carvana.MarketExpansion.WebApi.Tests.csproj", "{F4A08957-F027-44DF-A9D7-49588C5A200E}"
EndProject
Global
	GlobalSection(SolutionConfigurationPlatforms) = preSolution
		Debug|Any CPU = Debug|Any CPU
		Release|Any CPU = Release|Any CPU
	EndGlobalSection
	GlobalSection(ProjectConfigurationPlatforms) = postSolution
		{E5A4AEA4-4F1E-45C4-81E7-045B0F38E129}.Debug|Any CPU.ActiveCfg = Debug|Any CPU
		{E5A4AEA4-4F1E-45C4-81E7-045B0F38E129}.Debug|Any CPU.Build.0 = Debug|Any CPU
		{E5A4AEA4-4F1E-45C4-81E7-045B0F38E129}.Release|Any CPU.ActiveCfg = Release|Any CPU
		{E5A4AEA4-4F1E-45C4-81E7-045B0F38E129}.Release|Any CPU.Build.0 = Release|Any CPU
		{F4A08957-F027-44DF-A9D7-49588C5A200E}.Debug|Any CPU.ActiveCfg = Debug|Any CPU
		{F4A08957-F027-44DF-A9D7-49588C5A200E}.Debug|Any CPU.Build.0 = Debug|Any CPU
		{F4A08957-F027-44DF-A9D7-49588C5A200E}.Release|Any CPU.ActiveCfg = Release|Any CPU
		{F4A08957-F027-44DF-A9D7-49588C5A200E}.Release|Any CPU.Build.0 = Release|Any CPU
	EndGlobalSection
	GlobalSection(SolutionProperties) = preSolution
		HideSolutionNode = FALSE
	EndGlobalSection
EndGlobal
